
Microsoft Visual Studio Solution File, Format Version 12.00
# Visual Studio Version 17
VisualStudioVersion = 17.11.35431.28
MinimumVisualStudioVersion = 10.0.40219.1
Project("{9A19103F-16F7-4668-BE54-9A1E7A4F7556}") = "WorkerNode", "src\WorkerNode\WorkerNode.csproj", "{09A7A15C-0F59-432E-A9A7-2BBBE2FE034E}"
EndProject
Project("{FAE04EC0-301F-11D3-BF4B-00C04F79EFBC}") = "CommissionMate", "src\CommissionMate\CommissionMate.csproj", "{22EACBE7-E578-4D18-97D7-513C6C3F0701}"
EndProject
Global
	GlobalSection(SolutionConfigurationPlatforms) = preSolution
		Debug|Any CPU = Debug|Any CPU
		Release|Any CPU = Release|Any CPU
	EndGlobalSection
	GlobalSection(ProjectConfigurationPlatforms) = postSolution
		{09A7A15C-0F59-432E-A9A7-2BBBE2FE034E}.Debug|Any CPU.ActiveCfg = Debug|Any CPU
		{09A7A15C-0F59-432E-A9A7-2BBBE2FE034E}.Debug|Any CPU.Build.0 = Debug|Any CPU
		{09A7A15C-0F59-432E-A9A7-2BBBE2FE034E}.Release|Any CPU.ActiveCfg = Release|Any CPU
		{09A7A15C-0F59-432E-A9A7-2BBBE2FE034E}.Release|Any CPU.Build.0 = Release|Any CPU
		{22EACBE7-E578-4D18-97D7-513C6C3F0701}.Debug|Any CPU.ActiveCfg = Debug|Any CPU
		{22EACBE7-E578-4D18-97D7-513C6C3F0701}.Debug|Any CPU.Build.0 = Debug|Any CPU
		{22EACBE7-E578-4D18-97D7-513C6C3F0701}.Release|Any CPU.ActiveCfg = Release|Any CPU
		{22EACBE7-E578-4D18-97D7-513C6C3F0701}.Release|Any CPU.Build.0 = Release|Any CPU
	EndGlobalSection
	GlobalSection(SolutionProperties) = preSolution
		HideSolutionNode = FALSE
	EndGlobalSection
	GlobalSection(ExtensibilityGlobals) = postSolution
		SolutionGuid = {7498F108-4701-460D-B6AE-E1EDD15AADE0}
	EndGlobalSection
EndGlobal
